[{"url":"https://github.com/LnL7/vim-nix","rev":"be0c6bb409732b79cc86c177ca378b0b334e1efe","date":"2018-08-27T21:37:10+02:00","sha256":"1ivkwlm6lz43xk1m7aii0bgn2p3225dixck0qyhxw4zxhp2xiz06","fetchSubmodules":false},{"url":"https://github.com/Shougo/deoplete.nvim","rev":"afa7bd4ebda6dacfe8b9e232bbcdbd8f28f76ad2","date":"2019-01-01T00:26:31+09:00","sha256":"1ib718pabfhk7nivissradyhrxm1q17m55ih3gg0zvydqa0bwy5a","fetchSubmodules":false},{"url":"https://github.com/dylanaraps/wal.vim","rev":"fb6ce53632f93c31cad66398636bfb383ad64d52","date":"2018-06-05T06:08:50+10:00","sha256":"1f0rpaff7q9xswc1p5pmwzmhb70s4q148dj2apg98d4qywa9j8ah","fetchSubmodules":false},{"url":"https://github.com/junegunn/goyo.vim","rev":"5b8bd0378758c1d9550d8429bef24b3d6d78b592","date":"2017-06-01T02:17:29+09:00","sha256":"0jh2gyf6v1vl12hygzwylzsj1ivx7r6xrd75k2wfsy91b2pm9srj","fetchSubmodules":false},{"url":"https://github.com/junegunn/vim-plug","rev":"734d9a11b5a6354e6a66e152dee5d311233e033c","date":"2018-11-04T03:00:00+09:00","sha256":"07j8wyqvqamr2dr1vdk84913jihw7arm4drnd2zmy0d7g00ngyzn","fetchSubmodules":false},{"url":"https://github.com/kien/ctrlp.vim","rev":"564176f01d7f3f7f8ab452ff4e1f5314de7b0981","date":"2015-11-30T07:31:56+07:00","sha256":"1nzzii9g4ckf561csrg7nclnsb6gr5lgghmlhdsxabkcp2lkhnmr","fetchSubmodules":false},{"url":"https://github.com/mhinz/vim-signify","rev":"14f7fda00013a11213c767f82f5f03a2e735ba06","date":"2018-12-27T15:37:51+01:00","sha256":"0mdai71b46wh5wzlpcxc6fyznrqyl6anz6fxx67z9scp7fa72kni","fetchSubmodules":false},{"url":"https://github.com/neomake/neomake","rev":"0f37a5dba6e03b7e39c11294b3ef2119f6ce163c","date":"2019-01-01T17:50:52+01:00","sha256":"0gr7jnxsgbbg8ip57nyxmy67xg0crcqj85n3y7w4rb5a34h4v5lv","fetchSubmodules":false},{"url":"https://github.com/tpope/vim-fugitive","rev":"4c7998f58c9f623d455bbe946e719c6fd1d729e4","date":"2019-01-01T14:21:16-05:00","sha256":"17fp0x61pbv0n31jblhas2j0b5bnndjyfm2adyykpg3fkimfbr5i","fetchSubmodules":false},{"url":"https://github.com/tpope/vim-surround","rev":"597068870b8f093a8b2d11536c62ff31222ee8d0","date":"2018-07-23T14:52:25-04:00","sha256":"080kcgb5ayxs49q1p1cms6k1byf2fzzy8bglnspr511m9fql5a9x","fetchSubmodules":false},{"url":"https://github.com/tpope/vim-unimpaired","rev":"b3f0f752d7563d24753b23698d073632267af3d1","date":"2018-12-30T13:35:22-05:00","sha256":"01s4fb4yj960qjdrakyw3v08jrsajqidx8335c1z9c9j1736svj8","fetchSubmodules":false},{"url":"https://github.com/tpope/vim-vinegar","rev":"c38ea2195a43747aedf0bb4b7eb5aa8870260296","date":"2018-08-06T16:11:09-04:00","sha256":"1bcpi4m7ng9jaipf8xjf74469lgk34bs5ajjpv9dnkcrsalm28nf","fetchSubmodules":false},{"url":"https://github.com/vim-airline/vim-airline","rev":"72888d87ea57761f21c9f67cd0c0faa5904795eb","date":"2018-12-18T16:13:03+01:00","sha256":"0k3c6p3xy6514n1n347ci4q9xjm9wwqirpdysam6f7r39crgmfhd","fetchSubmodules":false},{"url":"https://github.com/vim-airline/vim-airline-themes","rev":"3bfe1d00d48f7c35b7c0dd7af86229c9e63e14a9","date":"2018-11-15T11:01:26+01:00","sha256":"1zwygmwa7gqppa49d2rsdwk5zv8rzj059bbclhs492bmbb5wyyz8","fetchSubmodules":false},{"url":"https://github.com/zchee/deoplete-clang","rev":"3353ddfb956841c4d0e5a43db5184504a62c066f","date":"2018-12-24T22:40:21+09:00","sha256":"0igfljdv14cxgbdskq3nff7dj1bvgm8h13b8dgbhzysklfi6h2jb","fetchSubmodules":false},{"url":"https://github.com/zchee/deoplete-jedi","rev":"73c11875fbfaabf6c0b455596cb3f9dfe5d86595","date":"2018-12-24T22:53:46+09:00","sha256":"0m9nipb7vd8wl62gdlgl1q2lryfr3iz4ar3hdb37wklfc694rj02","fetchSubmodules":false}]