[{"url":"https://github.com/bric3/nice-exit-code","rev":"3a06394b5f4bef3db1e8d440f271bfe590689f33","date":"2014-09-08T23:14:24+02:00","sha256":"05x3vfcd2p2bwpzzqbyp7psrz155w73jb7s9lm6hnmnaccvaazx4","fetchSubmodules":false},{"url":"https://github.com/chisui/zsh-nix-shell","rev":"dceed031a54e4420e33f22a6b8e642f45cc829e2","date":"2018-09-27T13:23:38+02:00","sha256":"10g8m632s4ibbgs8ify8n4h9r4x48l95gvb57lhw4khxs6m8j30q","fetchSubmodules":false},{"url":"https://github.com/denolfe/zsh-travis","rev":"c947f162b3a00c9d8c3ec84874ca7e63f8bd3b78","date":"2016-08-11T13:30:55-06:00","sha256":"1c29dml8m4b5sbv4vfmbrq209ygjjgxxj7067940n6lbl24c0cak","fetchSubmodules":false},{"url":"https://github.com/mafredri/zsh-async","rev":"98d32afcce8e328be86f381c529e951943e57d19","date":"2018-12-14T22:37:58+02:00","sha256":"0iv34q2liqb8kyqsga8hxyb2g4pqxg8vbcisml1716qvizkpp1hg","fetchSubmodules":false},{"url":"https://github.com/seletskiy/zsh-fuzzy-search-and-edit","rev":"4fbb3d351b75f1007df0d5cb09292bb2321f903a","date":"2018-09-02T20:24:38+03:00","sha256":"1shhmda1iqwz79y2ianmjs5623zabckxfj2hqw4gl2axpkwnj1ib","fetchSubmodules":false},{"url":"https://github.com/spwhitt/nix-zsh-completions","rev":"4d693d2675a7a02fd99c6e46fb4dc9ff5152ab30","date":"2018-12-23T23:29:27+01:00","sha256":"18pr2lwx1x7vlhv6nz4jrnwjv8i89m7n5lz3fx65g74w9kdy5z0g","fetchSubmodules":false},{"url":"https://github.com/tomplex/jenkins-zsh","rev":"d4654d86143a54028595b5f35a3c4962b24380a8","date":"2017-02-21T09:58:40-05:00","sha256":"1ynvcxn5p2xmykn9bnac35a0qr0yha7smjx0wjkbv17fgj1dfbsl","fetchSubmodules":false},{"url":"https://github.com/zdharma/fast-syntax-highlighting","rev":"73a12607307e9700bd49bf63d7f14f405a1fe40d","date":"2018-12-28T07:04:37+01:00","sha256":"0061r0aycjwlfhbkhfngjkr695algg4mi9hprbrmlrvmz593kgj9","fetchSubmodules":false},{"url":"https://github.com/zdharma/zplugin","rev":"650d483772ab9dd211589c54a65fa993e29415c2","date":"2018-12-28T21:23:15+01:00","sha256":"1z9z2fp71v6ipckcbbk4l94p3bqddfxj3g5h0nmjfd2dj58rna34","fetchSubmodules":false},{"url":"https://github.com/zdharma/zredis","rev":"26f71d5073170f16b91214ae5d941b5413decfae","date":"2018-12-19T08:03:33+01:00","sha256":"0g7cfb3f786rcimqxbrkbv5xxzvf512813pxwal0ilxswh8ngxxw","fetchSubmodules":false},{"url":"https://github.com/zsh-users/zsh-autosuggestions","rev":"70f36c007db30a5fe1edf2b63664088b502a729c","date":"2018-11-24T15:07:08-07:00","sha256":"1j8pnd19f0cr91hxwj3cc8vzysc4hzbiwgv5sqbd5gw160mfg3g3","fetchSubmodules":false},{"url":"https://github.com/zsh-users/zsh-completions","rev":"cf565254e26bb7ce03f51889e9a29953b955b1fb","date":"2018-12-13T18:23:04+01:00","sha256":"1yf4rz99acdsiy0y1v3bm65xvs2m0sl92ysz0rnnrlbd5amn283l","fetchSubmodules":false},{"url":"https://github.com/zsh-users/zsh-syntax-highlighting","rev":"78b95b06959407401fe1a015191cf79ff6a720d8","date":"2018-12-31T17:57:53+00:00","sha256":"0kbc6nx4j4rqdbvas2fi9p0dagw6lfzafpx97gzz9fz558mk9h6v","fetchSubmodules":false}]