[{"url":"https://github.com/chisui/zsh-nix-shell","rev":"dceed031a54e4420e33f22a6b8e642f45cc829e2","date":"2018-09-27T13:23:38+02:00","sha256":"10g8m632s4ibbgs8ify8n4h9r4x48l95gvb57lhw4khxs6m8j30q","fetchSubmodules":false},{"url":"https://github.com/spwhitt/nix-zsh-completions","rev":"4d693d2675a7a02fd99c6e46fb4dc9ff5152ab30","date":"2018-12-23T23:29:27+01:00","sha256":"18pr2lwx1x7vlhv6nz4jrnwjv8i89m7n5lz3fx65g74w9kdy5z0g","fetchSubmodules":false},{"url":"https://github.com/zsh-users/zsh-autosuggestions","rev":"70f36c007db30a5fe1edf2b63664088b502a729c","date":"2018-11-24T15:07:08-07:00","sha256":"1j8pnd19f0cr91hxwj3cc8vzysc4hzbiwgv5sqbd5gw160mfg3g3","fetchSubmodules":false},{"url":"https://github.com/zsh-users/zsh-completions","rev":"cf565254e26bb7ce03f51889e9a29953b955b1fb","date":"2018-12-13T18:23:04+01:00","sha256":"1yf4rz99acdsiy0y1v3bm65xvs2m0sl92ysz0rnnrlbd5amn283l","fetchSubmodules":false},{"url":"https://github.com/zsh-users/zsh-syntax-highlighting","rev":"78b95b06959407401fe1a015191cf79ff6a720d8","date":"2018-12-31T17:57:53+00:00","sha256":"0kbc6nx4j4rqdbvas2fi9p0dagw6lfzafpx97gzz9fz558mk9h6v","fetchSubmodules":false}]